// !$*UTF8*$!
{
	archiveVersion = 1;
	classes = {
	};
	objectVersion = 56;
	objects = {

/* Begin PBXBuildFile section */
		0C1EAC34299420CC009F061F /* UIViewControler + Extension.swift in Sources */ = {isa = PBXBuildFile; fileRef = 0C1EAC33299420CC009F061F /* UIViewControler + Extension.swift */; };
		0C1EAC38299483C2009F061F /* GameModel.swift in Sources */ = {isa = PBXBuildFile; fileRef = 0C1EAC37299483C2009F061F /* GameModel.swift */; };
		0C1EAC3C29949862009F061F /* ResultViewControlleriewController.swift in Sources */ = {isa = PBXBuildFile; fileRef = 0C1EAC3B29949862009F061F /* ResultViewControlleriewController.swift */; };
		0C96A74E29914F4D00D7FA79 /* UiColor + Extension.swift in Sources */ = {isa = PBXBuildFile; fileRef = 0C96A74D29914F4D00D7FA79 /* UiColor + Extension.swift */; };
		0C96A753299152F300D7FA79 /* ModuleBuilder.swift in Sources */ = {isa = PBXBuildFile; fileRef = 0C96A752299152F300D7FA79 /* ModuleBuilder.swift */; };
		0C96A755299153E100D7FA79 /* RegisterViewController.swift in Sources */ = {isa = PBXBuildFile; fileRef = 0C96A754299153E100D7FA79 /* RegisterViewController.swift */; };
		0C96A758299154D800D7FA79 /* HiScoreStorage.swift in Sources */ = {isa = PBXBuildFile; fileRef = 0C96A757299154D800D7FA79 /* HiScoreStorage.swift */; };
		0C96A75C29915DA500D7FA79 /* questions.json in Resources */ = {isa = PBXBuildFile; fileRef = 0C96A75B29915DA500D7FA79 /* questions.json */; };
		0C96A75E29915DFB00D7FA79 /* Bundle + extension.swift in Sources */ = {isa = PBXBuildFile; fileRef = 0C96A75D29915DFB00D7FA79 /* Bundle + extension.swift */; };
		0C96A76029915E1800D7FA79 /* UILabel + Extension.swift in Sources */ = {isa = PBXBuildFile; fileRef = 0C96A75F29915E1800D7FA79 /* UILabel + Extension.swift */; };
		0C96A76229915E2500D7FA79 /* UIButton + Extension.swift in Sources */ = {isa = PBXBuildFile; fileRef = 0C96A76129915E2500D7FA79 /* UIButton + Extension.swift */; };
		0CE263B3298F6B2B00660514 /* AppDelegate.swift in Sources */ = {isa = PBXBuildFile; fileRef = 0CE263B2298F6B2B00660514 /* AppDelegate.swift */; };
		0CE263B5298F6B2B00660514 /* SceneDelegate.swift in Sources */ = {isa = PBXBuildFile; fileRef = 0CE263B4298F6B2B00660514 /* SceneDelegate.swift */; };
		0CE263B7298F6B2B00660514 /* MainViewController.swift in Sources */ = {isa = PBXBuildFile; fileRef = 0CE263B6298F6B2B00660514 /* MainViewController.swift */; };
		0CE263BC298F6B2F00660514 /* Assets.xcassets in Resources */ = {isa = PBXBuildFile; fileRef = 0CE263BB298F6B2F00660514 /* Assets.xcassets */; };
		0CE263BF298F6B2F00660514 /* LaunchScreen.storyboard in Resources */ = {isa = PBXBuildFile; fileRef = 0CE263BD298F6B2F00660514 /* LaunchScreen.storyboard */; };
		0CE263D1298F6DE000660514 /* Guidelines in Resources */ = {isa = PBXBuildFile; fileRef = 0CE263D0298F6DE000660514 /* Guidelines */; };
		0CE263D8298F6ECF00660514 /* answerFalse.mp3 in Resources */ = {isa = PBXBuildFile; fileRef = 0CE263D3298F6ECF00660514 /* answerFalse.mp3 */; };
		0CE263D9298F6ECF00660514 /* victory.mp3 in Resources */ = {isa = PBXBuildFile; fileRef = 0CE263D4298F6ECF00660514 /* victory.mp3 */; };
		0CE263DA298F6ECF00660514 /* timerSound.mp3 in Resources */ = {isa = PBXBuildFile; fileRef = 0CE263D5298F6ECF00660514 /* timerSound.mp3 */; };
		0CE263DB298F6ECF00660514 /* checkAnswer.mp3 in Resources */ = {isa = PBXBuildFile; fileRef = 0CE263D6298F6ECF00660514 /* checkAnswer.mp3 */; };
		0CE263DC298F6ECF00660514 /* answerTrue.mp3 in Resources */ = {isa = PBXBuildFile; fileRef = 0CE263D7298F6ECF00660514 /* answerTrue.mp3 */; };
		0CF70AD229981D5700B86EE3 /* GameViewController.swift in Sources */ = {isa = PBXBuildFile; fileRef = 0CF70AD129981D5700B86EE3 /* GameViewController.swift */; };
		241507D82996AE4A0021F9A9 /* HiScoreTableViewCell.swift in Sources */ = {isa = PBXBuildFile; fileRef = 241507D72996AE4A0021F9A9 /* HiScoreTableViewCell.swift */; };
		24A77E42299636DD00004282 /* HiScoreViewController.swift in Sources */ = {isa = PBXBuildFile; fileRef = 24A77E41299636DD00004282 /* HiScoreViewController.swift */; };
		883B93BD299292A800F421B9 /* RulesViewController.swift in Sources */ = {isa = PBXBuildFile; fileRef = 883B93BC299292A800F421B9 /* RulesViewController.swift */; };
		CDD6047D2991622100D0B041 /* FinishViewController.swift in Sources */ = {isa = PBXBuildFile; fileRef = CDD6047C2991622100D0B041 /* FinishViewController.swift */; };
/* End PBXBuildFile section */

/* Begin PBXFileReference section */
		0C1EAC33299420CC009F061F /* UIViewControler + Extension.swift */ = {isa = PBXFileReference; lastKnownFileType = sourcecode.swift; path = "UIViewControler + Extension.swift"; sourceTree = "<group>"; };
		0C1EAC37299483C2009F061F /* GameModel.swift */ = {isa = PBXFileReference; lastKnownFileType = sourcecode.swift; path = GameModel.swift; sourceTree = "<group>"; };
		0C1EAC3B29949862009F061F /* ResultViewControlleriewController.swift */ = {isa = PBXFileReference; lastKnownFileType = sourcecode.swift; path = ResultViewControlleriewController.swift; sourceTree = "<group>"; };
		0C96A74D29914F4D00D7FA79 /* UiColor + Extension.swift */ = {isa = PBXFileReference; lastKnownFileType = sourcecode.swift; path = "UiColor + Extension.swift"; sourceTree = "<group>"; };
		0C96A752299152F300D7FA79 /* ModuleBuilder.swift */ = {isa = PBXFileReference; lastKnownFileType = sourcecode.swift; path = ModuleBuilder.swift; sourceTree = "<group>"; };
		0C96A754299153E100D7FA79 /* RegisterViewController.swift */ = {isa = PBXFileReference; lastKnownFileType = sourcecode.swift; path = RegisterViewController.swift; sourceTree = "<group>"; };
		0C96A757299154D800D7FA79 /* HiScoreStorage.swift */ = {isa = PBXFileReference; lastKnownFileType = sourcecode.swift; path = HiScoreStorage.swift; sourceTree = "<group>"; };
		0C96A75B29915DA500D7FA79 /* questions.json */ = {isa = PBXFileReference; fileEncoding = 4; lastKnownFileType = text.json; path = questions.json; sourceTree = "<group>"; };
		0C96A75D29915DFB00D7FA79 /* Bundle + extension.swift */ = {isa = PBXFileReference; lastKnownFileType = sourcecode.swift; path = "Bundle + extension.swift"; sourceTree = "<group>"; };
		0C96A75F29915E1800D7FA79 /* UILabel + Extension.swift */ = {isa = PBXFileReference; fileEncoding = 4; lastKnownFileType = sourcecode.swift; path = "UILabel + Extension.swift"; sourceTree = "<group>"; };
		0C96A76129915E2500D7FA79 /* UIButton + Extension.swift */ = {isa = PBXFileReference; fileEncoding = 4; lastKnownFileType = sourcecode.swift; path = "UIButton + Extension.swift"; sourceTree = "<group>"; };
		0CE263AF298F6B2B00660514 /* SF6-Millioner.app */ = {isa = PBXFileReference; explicitFileType = wrapper.application; includeInIndex = 0; path = "SF6-Millioner.app"; sourceTree = BUILT_PRODUCTS_DIR; };
		0CE263B2298F6B2B00660514 /* AppDelegate.swift */ = {isa = PBXFileReference; lastKnownFileType = sourcecode.swift; path = AppDelegate.swift; sourceTree = "<group>"; };
		0CE263B4298F6B2B00660514 /* SceneDelegate.swift */ = {isa = PBXFileReference; lastKnownFileType = sourcecode.swift; path = SceneDelegate.swift; sourceTree = "<group>"; };
		0CE263B6298F6B2B00660514 /* MainViewController.swift */ = {isa = PBXFileReference; lastKnownFileType = sourcecode.swift; path = MainViewController.swift; sourceTree = "<group>"; };
		0CE263BB298F6B2F00660514 /* Assets.xcassets */ = {isa = PBXFileReference; lastKnownFileType = folder.assetcatalog; path = Assets.xcassets; sourceTree = "<group>"; };
		0CE263BE298F6B2F00660514 /* Base */ = {isa = PBXFileReference; lastKnownFileType = file.storyboard; name = Base; path = Base.lproj/LaunchScreen.storyboard; sourceTree = "<group>"; };
		0CE263C0298F6B2F00660514 /* Info.plist */ = {isa = PBXFileReference; lastKnownFileType = text.plist.xml; path = Info.plist; sourceTree = "<group>"; };
		0CE263D0298F6DE000660514 /* Guidelines */ = {isa = PBXFileReference; fileEncoding = 4; lastKnownFileType = text; path = Guidelines; sourceTree = "<group>"; };
		0CE263D3298F6ECF00660514 /* answerFalse.mp3 */ = {isa = PBXFileReference; lastKnownFileType = audio.mp3; path = answerFalse.mp3; sourceTree = "<group>"; };
		0CE263D4298F6ECF00660514 /* victory.mp3 */ = {isa = PBXFileReference; lastKnownFileType = audio.mp3; path = victory.mp3; sourceTree = "<group>"; };
		0CE263D5298F6ECF00660514 /* timerSound.mp3 */ = {isa = PBXFileReference; lastKnownFileType = audio.mp3; path = timerSound.mp3; sourceTree = "<group>"; };
		0CE263D6298F6ECF00660514 /* checkAnswer.mp3 */ = {isa = PBXFileReference; lastKnownFileType = audio.mp3; path = checkAnswer.mp3; sourceTree = "<group>"; };
		0CE263D7298F6ECF00660514 /* answerTrue.mp3 */ = {isa = PBXFileReference; lastKnownFileType = audio.mp3; path = answerTrue.mp3; sourceTree = "<group>"; };
		0CF70AD129981D5700B86EE3 /* GameViewController.swift */ = {isa = PBXFileReference; fileEncoding = 4; lastKnownFileType = sourcecode.swift; path = GameViewController.swift; sourceTree = "<group>"; };
		241507D72996AE4A0021F9A9 /* HiScoreTableViewCell.swift */ = {isa = PBXFileReference; lastKnownFileType = sourcecode.swift; path = HiScoreTableViewCell.swift; sourceTree = "<group>"; };
		24A77E41299636DD00004282 /* HiScoreViewController.swift */ = {isa = PBXFileReference; lastKnownFileType = sourcecode.swift; path = HiScoreViewController.swift; sourceTree = "<group>"; };
		883B93BC299292A800F421B9 /* RulesViewController.swift */ = {isa = PBXFileReference; lastKnownFileType = sourcecode.swift; path = RulesViewController.swift; sourceTree = "<group>"; };
		CDD6047C2991622100D0B041 /* FinishViewController.swift */ = {isa = PBXFileReference; fileEncoding = 4; lastKnownFileType = sourcecode.swift; path = FinishViewController.swift; sourceTree = "<group>"; };
/* End PBXFileReference section */

/* Begin PBXFrameworksBuildPhase section */
		0CE263AC298F6B2B00660514 /* Frameworks */ = {
			isa = PBXFrameworksBuildPhase;
			buildActionMask = 2147483647;
			files = (
			);
			runOnlyForDeploymentPostprocessing = 0;
		};
/* End PBXFrameworksBuildPhase section */

/* Begin PBXGroup section */
		0C1EAC39299497CA009F061F /* HiScore */ = {
			isa = PBXGroup;
			children = (
				24A77E41299636DD00004282 /* HiScoreViewController.swift */,
				241507D72996AE4A0021F9A9 /* HiScoreTableViewCell.swift */,
			);
			path = HiScore;
			sourceTree = "<group>";
		};
		0C96A74A29914F1100D7FA79 /* Extensions */ = {
			isa = PBXGroup;
			children = (
				0C96A74C29914F3400D7FA79 /* Elements */,
				0C96A74B29914F2300D7FA79 /* UIKit */,
			);
			path = Extensions;
			sourceTree = "<group>";
		};
		0C96A74B29914F2300D7FA79 /* UIKit */ = {
			isa = PBXGroup;
			children = (
				0C96A76129915E2500D7FA79 /* UIButton + Extension.swift */,
				0C96A75F29915E1800D7FA79 /* UILabel + Extension.swift */,
				0C96A74D29914F4D00D7FA79 /* UiColor + Extension.swift */,
				0C96A75D29915DFB00D7FA79 /* Bundle + extension.swift */,
				0C1EAC33299420CC009F061F /* UIViewControler + Extension.swift */,
			);
			path = UIKit;
			sourceTree = "<group>";
		};
		0C96A74C29914F3400D7FA79 /* Elements */ = {
			isa = PBXGroup;
			children = (
			);
			path = Elements;
			sourceTree = "<group>";
		};
		0C96A74F29914F7D00D7FA79 /* Services */ = {
			isa = PBXGroup;
			children = (
				0C96A756299154AE00D7FA79 /* Storage */,
				0C96A75029914F8800D7FA79 /* ModuleBuilder */,
			);
			path = Services;
			sourceTree = "<group>";
		};
		0C96A75029914F8800D7FA79 /* ModuleBuilder */ = {
			isa = PBXGroup;
			children = (
				0C96A752299152F300D7FA79 /* ModuleBuilder.swift */,
			);
			path = ModuleBuilder;
			sourceTree = "<group>";
		};
		0C96A756299154AE00D7FA79 /* Storage */ = {
			isa = PBXGroup;
			children = (
				0C96A757299154D800D7FA79 /* HiScoreStorage.swift */,
			);
			path = Storage;
			sourceTree = "<group>";
		};
		0CE263A6298F6B2B00660514 = {
			isa = PBXGroup;
			children = (
				0CE263B1298F6B2B00660514 /* SF6-Millioner */,
				0CE263B0298F6B2B00660514 /* Products */,
			);
			sourceTree = "<group>";
		};
		0CE263B0298F6B2B00660514 /* Products */ = {
			isa = PBXGroup;
			children = (
				0CE263AF298F6B2B00660514 /* SF6-Millioner.app */,
			);
			name = Products;
			sourceTree = "<group>";
		};
		0CE263B1298F6B2B00660514 /* SF6-Millioner */ = {
			isa = PBXGroup;
			children = (
				0C96A74F29914F7D00D7FA79 /* Services */,
				0C96A74A29914F1100D7FA79 /* Extensions */,
				0CE263D0298F6DE000660514 /* Guidelines */,
				0CE263C6298F6B7900660514 /* Application */,
				0CE263C7298F6B8D00660514 /* Resources */,
				0CE263C9298F6C2400660514 /* MainFlow */,
			);
			path = "SF6-Millioner";
			sourceTree = "<group>";
		};
		0CE263C6298F6B7900660514 /* Application */ = {
			isa = PBXGroup;
			children = (
				0CE263B2298F6B2B00660514 /* AppDelegate.swift */,
				0CE263B4298F6B2B00660514 /* SceneDelegate.swift */,
			);
			path = Application;
			sourceTree = "<group>";
		};
		0CE263C7298F6B8D00660514 /* Resources */ = {
			isa = PBXGroup;
			children = (
				0C96A75B29915DA500D7FA79 /* questions.json */,
				0CE263D2298F6ECF00660514 /* sounds */,
				0CE263BB298F6B2F00660514 /* Assets.xcassets */,
				0CE263BD298F6B2F00660514 /* LaunchScreen.storyboard */,
				0CE263C0298F6B2F00660514 /* Info.plist */,
			);
			path = Resources;
			sourceTree = "<group>";
		};
		0CE263C9298F6C2400660514 /* MainFlow */ = {
			isa = PBXGroup;
			children = (
				0C1EAC39299497CA009F061F /* HiScore */,
				0CE263CF298F6DCC00660514 /* FinishModule */,
				0CE263CE298F6D0300660514 /* ResultModule */,
				0CE263CD298F6CDF00660514 /* RulesGameModule */,
				0CE263CC298F6CCE00660514 /* GameModule */,
				0CE263CB298F6CC200660514 /* RegisterModule */,
				0CE263CA298F6C3A00660514 /* MainModule */,
			);
			path = MainFlow;
			sourceTree = "<group>";
		};
		0CE263CA298F6C3A00660514 /* MainModule */ = {
			isa = PBXGroup;
			children = (
				0CE263B6298F6B2B00660514 /* MainViewController.swift */,
			);
			path = MainModule;
			sourceTree = "<group>";
		};
		0CE263CB298F6CC200660514 /* RegisterModule */ = {
			isa = PBXGroup;
			children = (
				0C96A754299153E100D7FA79 /* RegisterViewController.swift */,
			);
			path = RegisterModule;
			sourceTree = "<group>";
		};
		0CE263CC298F6CCE00660514 /* GameModule */ = {
			isa = PBXGroup;
			children = (
				0C1EAC37299483C2009F061F /* GameModel.swift */,
				0CF70AD129981D5700B86EE3 /* GameViewController.swift */,
			);
			path = GameModule;
			sourceTree = "<group>";
		};
		0CE263CD298F6CDF00660514 /* RulesGameModule */ = {
			isa = PBXGroup;
			children = (
				883B93BC299292A800F421B9 /* RulesViewController.swift */,
			);
			path = RulesGameModule;
			sourceTree = "<group>";
		};
		0CE263CE298F6D0300660514 /* ResultModule */ = {
			isa = PBXGroup;
			children = (
				0C1EAC3B29949862009F061F /* ResultViewControlleriewController.swift */,
			);
			path = ResultModule;
			sourceTree = "<group>";
		};
		0CE263CF298F6DCC00660514 /* FinishModule */ = {
			isa = PBXGroup;
			children = (
				CDD6047C2991622100D0B041 /* FinishViewController.swift */,
			);
			path = FinishModule;
			sourceTree = "<group>";
		};
		0CE263D2298F6ECF00660514 /* sounds */ = {
			isa = PBXGroup;
			children = (
				0CE263D3298F6ECF00660514 /* answerFalse.mp3 */,
				0CE263D4298F6ECF00660514 /* victory.mp3 */,
				0CE263D5298F6ECF00660514 /* timerSound.mp3 */,
				0CE263D6298F6ECF00660514 /* checkAnswer.mp3 */,
				0CE263D7298F6ECF00660514 /* answerTrue.mp3 */,
			);
			path = sounds;
			sourceTree = "<group>";
		};
/* End PBXGroup section */

/* Begin PBXNativeTarget section */
		0CE263AE298F6B2B00660514 /* SF6-Millioner */ = {
			isa = PBXNativeTarget;
			buildConfigurationList = 0CE263C3298F6B2F00660514 /* Build configuration list for PBXNativeTarget "SF6-Millioner" */;
			buildPhases = (
				0CE263AB298F6B2B00660514 /* Sources */,
				0CE263AC298F6B2B00660514 /* Frameworks */,
				0CE263AD298F6B2B00660514 /* Resources */,
			);
			buildRules = (
			);
			dependencies = (
			);
			name = "SF6-Millioner";
			productName = "SF6-Millioner";
			productReference = 0CE263AF298F6B2B00660514 /* SF6-Millioner.app */;
			productType = "com.apple.product-type.application";
		};
/* End PBXNativeTarget section */

/* Begin PBXProject section */
		0CE263A7298F6B2B00660514 /* Project object */ = {
			isa = PBXProject;
			attributes = {
				BuildIndependentTargetsInParallel = 1;
				LastSwiftUpdateCheck = 1420;
				LastUpgradeCheck = 1420;
				TargetAttributes = {
					0CE263AE298F6B2B00660514 = {
						CreatedOnToolsVersion = 14.2;
					};
				};
			};
			buildConfigurationList = 0CE263AA298F6B2B00660514 /* Build configuration list for PBXProject "SF6-Millioner" */;
			compatibilityVersion = "Xcode 14.0";
			developmentRegion = en;
			hasScannedForEncodings = 0;
			knownRegions = (
				en,
				Base,
			);
			mainGroup = 0CE263A6298F6B2B00660514;
			productRefGroup = 0CE263B0298F6B2B00660514 /* Products */;
			projectDirPath = "";
			projectRoot = "";
			targets = (
				0CE263AE298F6B2B00660514 /* SF6-Millioner */,
			);
		};
/* End PBXProject section */

/* Begin PBXResourcesBuildPhase section */
		0CE263AD298F6B2B00660514 /* Resources */ = {
			isa = PBXResourcesBuildPhase;
			buildActionMask = 2147483647;
			files = (
				0CE263BF298F6B2F00660514 /* LaunchScreen.storyboard in Resources */,
				0CE263D8298F6ECF00660514 /* answerFalse.mp3 in Resources */,
				0CE263BC298F6B2F00660514 /* Assets.xcassets in Resources */,
				0CE263DC298F6ECF00660514 /* answerTrue.mp3 in Resources */,
				0CE263DB298F6ECF00660514 /* checkAnswer.mp3 in Resources */,
				0CE263D1298F6DE000660514 /* Guidelines in Resources */,
				0CE263D9298F6ECF00660514 /* victory.mp3 in Resources */,
				0C96A75C29915DA500D7FA79 /* questions.json in Resources */,
				0CE263DA298F6ECF00660514 /* timerSound.mp3 in Resources */,
			);
			runOnlyForDeploymentPostprocessing = 0;
		};
/* End PBXResourcesBuildPhase section */

/* Begin PBXSourcesBuildPhase section */
		0CE263AB298F6B2B00660514 /* Sources */ = {
			isa = PBXSourcesBuildPhase;
			buildActionMask = 2147483647;
			files = (
				0CE263B7298F6B2B00660514 /* MainViewController.swift in Sources */,
				CDD6047D2991622100D0B041 /* FinishViewController.swift in Sources */,
				0C1EAC3C29949862009F061F /* ResultViewControlleriewController.swift in Sources */,
				0C96A74E29914F4D00D7FA79 /* UiColor + Extension.swift in Sources */,
				0CF70AD229981D5700B86EE3 /* GameViewController.swift in Sources */,
				0CE263B3298F6B2B00660514 /* AppDelegate.swift in Sources */,
				0C96A755299153E100D7FA79 /* RegisterViewController.swift in Sources */,
				0C1EAC38299483C2009F061F /* GameModel.swift in Sources */,
				0C96A753299152F300D7FA79 /* ModuleBuilder.swift in Sources */,
				24A77E42299636DD00004282 /* HiScoreViewController.swift in Sources */,
				0C96A76229915E2500D7FA79 /* UIButton + Extension.swift in Sources */,
				0C96A75E29915DFB00D7FA79 /* Bundle + extension.swift in Sources */,
				241507D82996AE4A0021F9A9 /* HiScoreTableViewCell.swift in Sources */,
				0C96A76029915E1800D7FA79 /* UILabel + Extension.swift in Sources */,
				0CE263B5298F6B2B00660514 /* SceneDelegate.swift in Sources */,
				0C1EAC34299420CC009F061F /* UIViewControler + Extension.swift in Sources */,
				883B93BD299292A800F421B9 /* RulesViewController.swift in Sources */,
				0C96A758299154D800D7FA79 /* HiScoreStorage.swift in Sources */,
			);
			runOnlyForDeploymentPostprocessing = 0;
		};
/* End PBXSourcesBuildPhase section */

/* Begin PBXVariantGroup section */
		0CE263BD298F6B2F00660514 /* LaunchScreen.storyboard */ = {
			isa = PBXVariantGroup;
			children = (
				0CE263BE298F6B2F00660514 /* Base */,
			);
			name = LaunchScreen.storyboard;
			sourceTree = "<group>";
		};
/* End PBXVariantGroup section */

/* Begin XCBuildConfiguration section */
		0CE263C1298F6B2F00660514 /* Debug */ = {
			isa = XCBuildConfiguration;
			buildSettings = {
				ALWAYS_SEARCH_USER_PATHS = NO;
				CLANG_ANALYZER_NONNULL = YES;
				CLANG_ANALYZER_NUMBER_OBJECT_CONVERSION = YES_AGGRESSIVE;
				CLANG_CXX_LANGUAGE_STANDARD = "gnu++20";
				CLANG_ENABLE_MODULES = YES;
				CLANG_ENABLE_OBJC_ARC = YES;
				CLANG_ENABLE_OBJC_WEAK = YES;
				CLANG_WARN_BLOCK_CAPTURE_AUTORELEASING = YES;
				CLANG_WARN_BOOL_CONVERSION = YES;
				CLANG_WARN_COMMA = YES;
				CLANG_WARN_CONSTANT_CONVERSION = YES;
				CLANG_WARN_DEPRECATED_OBJC_IMPLEMENTATIONS = YES;
				CLANG_WARN_DIRECT_OBJC_ISA_USAGE = YES_ERROR;
				CLANG_WARN_DOCUMENTATION_COMMENTS = YES;
				CLANG_WARN_EMPTY_BODY = YES;
				CLANG_WARN_ENUM_CONVERSION = YES;
				CLANG_WARN_INFINITE_RECURSION = YES;
				CLANG_WARN_INT_CONVERSION = YES;
				CLANG_WARN_NON_LITERAL_NULL_CONVERSION = YES;
				CLANG_WARN_OBJC_IMPLICIT_RETAIN_SELF = YES;
				CLANG_WARN_OBJC_LITERAL_CONVERSION = YES;
				CLANG_WARN_OBJC_ROOT_CLASS = YES_ERROR;
				CLANG_WARN_QUOTED_INCLUDE_IN_FRAMEWORK_HEADER = YES;
				CLANG_WARN_RANGE_LOOP_ANALYSIS = YES;
				CLANG_WARN_STRICT_PROTOTYPES = YES;
				CLANG_WARN_SUSPICIOUS_MOVE = YES;
				CLANG_WARN_UNGUARDED_AVAILABILITY = YES_AGGRESSIVE;
				CLANG_WARN_UNREACHABLE_CODE = YES;
				CLANG_WARN__DUPLICATE_METHOD_MATCH = YES;
				COPY_PHASE_STRIP = NO;
				DEBUG_INFORMATION_FORMAT = dwarf;
				ENABLE_STRICT_OBJC_MSGSEND = YES;
				ENABLE_TESTABILITY = YES;
				GCC_C_LANGUAGE_STANDARD = gnu11;
				GCC_DYNAMIC_NO_PIC = NO;
				GCC_NO_COMMON_BLOCKS = YES;
				GCC_OPTIMIZATION_LEVEL = 0;
				GCC_PREPROCESSOR_DEFINITIONS = (
					"DEBUG=1",
					"$(inherited)",
				);
				GCC_WARN_64_TO_32_BIT_CONVERSION = YES;
				GCC_WARN_ABOUT_RETURN_TYPE = YES_ERROR;
				GCC_WARN_UNDECLARED_SELECTOR = YES;
				GCC_WARN_UNINITIALIZED_AUTOS = YES_AGGRESSIVE;
				GCC_WARN_UNUSED_FUNCTION = YES;
				GCC_WARN_UNUSED_VARIABLE = YES;
				IPHONEOS_DEPLOYMENT_TARGET = 16.2;
				MTL_ENABLE_DEBUG_INFO = INCLUDE_SOURCE;
				MTL_FAST_MATH = YES;
				ONLY_ACTIVE_ARCH = YES;
				SDKROOT = iphoneos;
				SWIFT_ACTIVE_COMPILATION_CONDITIONS = DEBUG;
				SWIFT_OPTIMIZATION_LEVEL = "-Onone";
			};
			name = Debug;
		};
		0CE263C2298F6B2F00660514 /* Release */ = {
			isa = XCBuildConfiguration;
			buildSettings = {
				ALWAYS_SEARCH_USER_PATHS = NO;
				CLANG_ANALYZER_NONNULL = YES;
				CLANG_ANALYZER_NUMBER_OBJECT_CONVERSION = YES_AGGRESSIVE;
				CLANG_CXX_LANGUAGE_STANDARD = "gnu++20";
				CLANG_ENABLE_MODULES = YES;
				CLANG_ENABLE_OBJC_ARC = YES;
				CLANG_ENABLE_OBJC_WEAK = YES;
				CLANG_WARN_BLOCK_CAPTURE_AUTORELEASING = YES;
				CLANG_WARN_BOOL_CONVERSION = YES;
				CLANG_WARN_COMMA = YES;
				CLANG_WARN_CONSTANT_CONVERSION = YES;
				CLANG_WARN_DEPRECATED_OBJC_IMPLEMENTATIONS = YES;
				CLANG_WARN_DIRECT_OBJC_ISA_USAGE = YES_ERROR;
				CLANG_WARN_DOCUMENTATION_COMMENTS = YES;
				CLANG_WARN_EMPTY_BODY = YES;
				CLANG_WARN_ENUM_CONVERSION = YES;
				CLANG_WARN_INFINITE_RECURSION = YES;
				CLANG_WARN_INT_CONVERSION = YES;
				CLANG_WARN_NON_LITERAL_NULL_CONVERSION = YES;
				CLANG_WARN_OBJC_IMPLICIT_RETAIN_SELF = YES;
				CLANG_WARN_OBJC_LITERAL_CONVERSION = YES;
				CLANG_WARN_OBJC_ROOT_CLASS = YES_ERROR;
				CLANG_WARN_QUOTED_INCLUDE_IN_FRAMEWORK_HEADER = YES;
				CLANG_WARN_RANGE_LOOP_ANALYSIS = YES;
				CLANG_WARN_STRICT_PROTOTYPES = YES;
				CLANG_WARN_SUSPICIOUS_MOVE = YES;
				CLANG_WARN_UNGUARDED_AVAILABILITY = YES_AGGRESSIVE;
				CLANG_WARN_UNREACHABLE_CODE = YES;
				CLANG_WARN__DUPLICATE_METHOD_MATCH = YES;
				COPY_PHASE_STRIP = NO;
				DEBUG_INFORMATION_FORMAT = "dwarf-with-dsym";
				ENABLE_NS_ASSERTIONS = NO;
				ENABLE_STRICT_OBJC_MSGSEND = YES;
				GCC_C_LANGUAGE_STANDARD = gnu11;
				GCC_NO_COMMON_BLOCKS = YES;
				GCC_WARN_64_TO_32_BIT_CONVERSION = YES;
				GCC_WARN_ABOUT_RETURN_TYPE = YES_ERROR;
				GCC_WARN_UNDECLARED_SELECTOR = YES;
				GCC_WARN_UNINITIALIZED_AUTOS = YES_AGGRESSIVE;
				GCC_WARN_UNUSED_FUNCTION = YES;
				GCC_WARN_UNUSED_VARIABLE = YES;
				IPHONEOS_DEPLOYMENT_TARGET = 16.2;
				MTL_ENABLE_DEBUG_INFO = NO;
				MTL_FAST_MATH = YES;
				SDKROOT = iphoneos;
				SWIFT_COMPILATION_MODE = wholemodule;
				SWIFT_OPTIMIZATION_LEVEL = "-O";
				VALIDATE_PRODUCT = YES;
			};
			name = Release;
		};
		0CE263C4298F6B2F00660514 /* Debug */ = {
			isa = XCBuildConfiguration;
			buildSettings = {
				ASSETCATALOG_COMPILER_APPICON_NAME = AppIcon;
				ASSETCATALOG_COMPILER_GLOBAL_ACCENT_COLOR_NAME = AccentColor;
				CODE_SIGN_STYLE = Automatic;
				CURRENT_PROJECT_VERSION = 1;
				DEVELOPMENT_TEAM = W856DM7S8L;
				GENERATE_INFOPLIST_FILE = YES;
				INFOPLIST_FILE = "SF6-Millioner/Resources/Info.plist";
				INFOPLIST_KEY_UIApplicationSupportsIndirectInputEvents = YES;
				INFOPLIST_KEY_UILaunchStoryboardName = LaunchScreen;
				INFOPLIST_KEY_UISupportedInterfaceOrientations_iPad = "UIInterfaceOrientationPortrait UIInterfaceOrientationPortraitUpsideDown UIInterfaceOrientationLandscapeLeft UIInterfaceOrientationLandscapeRight";
				INFOPLIST_KEY_UISupportedInterfaceOrientations_iPhone = "UIInterfaceOrientationPortrait UIInterfaceOrientationLandscapeLeft UIInterfaceOrientationLandscapeRight";
				IPHONEOS_DEPLOYMENT_TARGET = 13.0;
				LD_RUNPATH_SEARCH_PATHS = (
					"$(inherited)",
					"@executable_path/Frameworks",
				);
				MARKETING_VERSION = 1.0;
				PRODUCT_BUNDLE_IDENTIFIER = "com.Djinsolobzik.SF6-Millioner";
				PRODUCT_NAME = "$(TARGET_NAME)";
				SUPPORTED_PLATFORMS = "iphoneos iphonesimulator";
				SUPPORTS_MACCATALYST = NO;
				SUPPORTS_MAC_DESIGNED_FOR_IPHONE_IPAD = NO;
				SWIFT_EMIT_LOC_STRINGS = YES;
				SWIFT_VERSION = 5.0;
				TARGETED_DEVICE_FAMILY = 1;
			};
			name = Debug;
		};
		0CE263C5298F6B2F00660514 /* Release */ = {
			isa = XCBuildConfiguration;
			buildSettings = {
				ASSETCATALOG_COMPILER_APPICON_NAME = AppIcon;
				ASSETCATALOG_COMPILER_GLOBAL_ACCENT_COLOR_NAME = AccentColor;
				CODE_SIGN_STYLE = Automatic;
				CURRENT_PROJECT_VERSION = 1;
				DEVELOPMENT_TEAM = W856DM7S8L;
				GENERATE_INFOPLIST_FILE = YES;
				INFOPLIST_FILE = "SF6-Millioner/Resources/Info.plist";
				INFOPLIST_KEY_UIApplicationSupportsIndirectInputEvents = YES;
				INFOPLIST_KEY_UILaunchStoryboardName = LaunchScreen;
				INFOPLIST_KEY_UISupportedInterfaceOrientations_iPad = "UIInterfaceOrientationPortrait UIInterfaceOrientationPortraitUpsideDown UIInterfaceOrientationLandscapeLeft UIInterfaceOrientationLandscapeRight";
				INFOPLIST_KEY_UISupportedInterfaceOrientations_iPhone = "UIInterfaceOrientationPortrait UIInterfaceOrientationLandscapeLeft UIInterfaceOrientationLandscapeRight";
				IPHONEOS_DEPLOYMENT_TARGET = 13.0;
				LD_RUNPATH_SEARCH_PATHS = (
					"$(inherited)",
					"@executable_path/Frameworks",
				);
				MARKETING_VERSION = 1.0;
				PRODUCT_BUNDLE_IDENTIFIER = "com.Djinsolobzik.SF6-Millioner";
				PRODUCT_NAME = "$(TARGET_NAME)";
				SUPPORTED_PLATFORMS = "iphoneos iphonesimulator";
				SUPPORTS_MACCATALYST = NO;
				SUPPORTS_MAC_DESIGNED_FOR_IPHONE_IPAD = NO;
				SWIFT_EMIT_LOC_STRINGS = YES;
				SWIFT_VERSION = 5.0;
				TARGETED_DEVICE_FAMILY = 1;
			};
			name = Release;
		};
/* End XCBuildConfiguration section */

/* Begin XCConfigurationList section */
		0CE263AA298F6B2B00660514 /* Build configuration list for PBXProject "SF6-Millioner" */ = {
			isa = XCConfigurationList;
			buildConfigurations = (
				0CE263C1298F6B2F00660514 /* Debug */,
				0CE263C2298F6B2F00660514 /* Release */,
			);
			defaultConfigurationIsVisible = 0;
			defaultConfigurationName = Release;
		};
		0CE263C3298F6B2F00660514 /* Build configuration list for PBXNativeTarget "SF6-Millioner" */ = {
			isa = XCConfigurationList;
			buildConfigurations = (
				0CE263C4298F6B2F00660514 /* Debug */,
				0CE263C5298F6B2F00660514 /* Release */,
			);
			defaultConfigurationIsVisible = 0;
			defaultConfigurationName = Release;
		};
/* End XCConfigurationList section */
	};
	rootObject = 0CE263A7298F6B2B00660514 /* Project object */;
}
